// !$*UTF8*$!
{
	archiveVersion = 1;
	classes = {
	};
	objectVersion = 50;
	objects = {

/* Begin PBXBuildFile section */
		1855DA0322DF99FC000D1496 /* AppDelegate.swift in Sources */ = {isa = PBXBuildFile; fileRef = 1855DA0222DF99FC000D1496 /* AppDelegate.swift */; };
		1855DA0822DF99FC000D1496 /* Main.storyboard in Resources */ = {isa = PBXBuildFile; fileRef = 1855DA0622DF99FC000D1496 /* Main.storyboard */; };
		1855DA0B22DF99FC000D1496 /* gloApp.xcdatamodeld in Sources */ = {isa = PBXBuildFile; fileRef = 1855DA0922DF99FC000D1496 /* gloApp.xcdatamodeld */; };
		1855DA0D22DF99FE000D1496 /* Assets.xcassets in Resources */ = {isa = PBXBuildFile; fileRef = 1855DA0C22DF99FE000D1496 /* Assets.xcassets */; };
		1855DA1022DF99FE000D1496 /* LaunchScreen.storyboard in Resources */ = {isa = PBXBuildFile; fileRef = 1855DA0E22DF99FE000D1496 /* LaunchScreen.storyboard */; };
		1855DA1822DFA619000D1496 /* Checkbox.swift in Sources */ = {isa = PBXBuildFile; fileRef = 1855DA1722DFA619000D1496 /* Checkbox.swift */; };
		1855DA1E22DFA9D0000D1496 /* Routine.swift in Sources */ = {isa = PBXBuildFile; fileRef = 1855DA1D22DFA9D0000D1496 /* Routine.swift */; };
		1855DA2022DFAA40000D1496 /* SkinType.swift in Sources */ = {isa = PBXBuildFile; fileRef = 1855DA1F22DFAA40000D1496 /* SkinType.swift */; };
		1855DA2222DFAC3F000D1496 /* PriceRange.swift in Sources */ = {isa = PBXBuildFile; fileRef = 1855DA2122DFAC3F000D1496 /* PriceRange.swift */; };
		1855DA2422DFAC87000D1496 /* SkinConcern.swift in Sources */ = {isa = PBXBuildFile; fileRef = 1855DA2322DFAC87000D1496 /* SkinConcern.swift */; };
		1855DA2A22E0E66D000D1496 /* LearnMore.swift in Sources */ = {isa = PBXBuildFile; fileRef = 1855DA2922E0E66D000D1496 /* LearnMore.swift */; };
		18F2890D22E14512006E7049 /* ResultsData.swift in Sources */ = {isa = PBXBuildFile; fileRef = 18F2890C22E14512006E7049 /* ResultsData.swift */; };
		18F2890F22E21791006E7049 /* Results.swift in Sources */ = {isa = PBXBuildFile; fileRef = 18F2890E22E21791006E7049 /* Results.swift */; };
/* End PBXBuildFile section */

/* Begin PBXFileReference section */
		1855D9FF22DF99FC000D1496 /* gloApp.app */ = {isa = PBXFileReference; explicitFileType = wrapper.application; includeInIndex = 0; path = gloApp.app; sourceTree = BUILT_PRODUCTS_DIR; };
		1855DA0222DF99FC000D1496 /* AppDelegate.swift */ = {isa = PBXFileReference; lastKnownFileType = sourcecode.swift; path = AppDelegate.swift; sourceTree = "<group>"; };
		1855DA0722DF99FC000D1496 /* Base */ = {isa = PBXFileReference; lastKnownFileType = file.storyboard; name = Base; path = Base.lproj/Main.storyboard; sourceTree = "<group>"; };
		1855DA0A22DF99FC000D1496 /* gloApp.xcdatamodel */ = {isa = PBXFileReference; lastKnownFileType = wrapper.xcdatamodel; path = gloApp.xcdatamodel; sourceTree = "<group>"; };
		1855DA0C22DF99FE000D1496 /* Assets.xcassets */ = {isa = PBXFileReference; lastKnownFileType = folder.assetcatalog; path = Assets.xcassets; sourceTree = "<group>"; };
		1855DA0F22DF99FE000D1496 /* Base */ = {isa = PBXFileReference; lastKnownFileType = file.storyboard; name = Base; path = Base.lproj/LaunchScreen.storyboard; sourceTree = "<group>"; };
		1855DA1122DF99FE000D1496 /* Info.plist */ = {isa = PBXFileReference; lastKnownFileType = text.plist.xml; path = Info.plist; sourceTree = "<group>"; };
		1855DA1722DFA619000D1496 /* Checkbox.swift */ = {isa = PBXFileReference; lastKnownFileType = sourcecode.swift; path = Checkbox.swift; sourceTree = "<group>"; };
		1855DA1D22DFA9D0000D1496 /* Routine.swift */ = {isa = PBXFileReference; lastKnownFileType = sourcecode.swift; path = Routine.swift; sourceTree = "<group>"; };
		1855DA1F22DFAA40000D1496 /* SkinType.swift */ = {isa = PBXFileReference; lastKnownFileType = sourcecode.swift; path = SkinType.swift; sourceTree = "<group>"; };
		1855DA2122DFAC3F000D1496 /* PriceRange.swift */ = {isa = PBXFileReference; lastKnownFileType = sourcecode.swift; path = PriceRange.swift; sourceTree = "<group>"; };
		1855DA2322DFAC87000D1496 /* SkinConcern.swift */ = {isa = PBXFileReference; lastKnownFileType = sourcecode.swift; path = SkinConcern.swift; sourceTree = "<group>"; };
		1855DA2922E0E66D000D1496 /* LearnMore.swift */ = {isa = PBXFileReference; lastKnownFileType = sourcecode.swift; path = LearnMore.swift; sourceTree = "<group>"; };
		18F2890C22E14512006E7049 /* ResultsData.swift */ = {isa = PBXFileReference; fileEncoding = 4; lastKnownFileType = sourcecode.swift; name = ResultsData.swift; path = ../../../../Downloads/ResultsData.swift; sourceTree = "<group>"; };
		18F2890E22E21791006E7049 /* Results.swift */ = {isa = PBXFileReference; lastKnownFileType = sourcecode.swift; path = Results.swift; sourceTree = "<group>"; };
/* End PBXFileReference section */

/* Begin PBXFrameworksBuildPhase section */
		1855D9FC22DF99FC000D1496 /* Frameworks */ = {
			isa = PBXFrameworksBuildPhase;
			buildActionMask = 2147483647;
			files = (
			);
			runOnlyForDeploymentPostprocessing = 0;
		};
/* End PBXFrameworksBuildPhase section */

/* Begin PBXGroup section */
		1855D9F622DF99FC000D1496 = {
			isa = PBXGroup;
			children = (
				1855DA0122DF99FC000D1496 /* gloApp */,
				1855DA0022DF99FC000D1496 /* Products */,
			);
			sourceTree = "<group>";
		};
		1855DA0022DF99FC000D1496 /* Products */ = {
			isa = PBXGroup;
			children = (
				1855D9FF22DF99FC000D1496 /* gloApp.app */,
			);
			name = Products;
			sourceTree = "<group>";
		};
		1855DA0122DF99FC000D1496 /* gloApp */ = {
			isa = PBXGroup;
			children = (
				1855DA0222DF99FC000D1496 /* AppDelegate.swift */,
				1855DA1722DFA619000D1496 /* Checkbox.swift */,
				18F2890C22E14512006E7049 /* ResultsData.swift */,
				1855DA0622DF99FC000D1496 /* Main.storyboard */,
				1855DA2922E0E66D000D1496 /* LearnMore.swift */,
				1855DA1D22DFA9D0000D1496 /* Routine.swift */,
				1855DA1F22DFAA40000D1496 /* SkinType.swift */,
				1855DA2122DFAC3F000D1496 /* PriceRange.swift */,
				1855DA2322DFAC87000D1496 /* SkinConcern.swift */,
				18F2890E22E21791006E7049 /* Results.swift */,
				1855DA0C22DF99FE000D1496 /* Assets.xcassets */,
				1855DA0E22DF99FE000D1496 /* LaunchScreen.storyboard */,
				1855DA1122DF99FE000D1496 /* Info.plist */,
				1855DA0922DF99FC000D1496 /* gloApp.xcdatamodeld */,
			);
			path = gloApp;
			sourceTree = "<group>";
		};
/* End PBXGroup section */

/* Begin PBXNativeTarget section */
		1855D9FE22DF99FC000D1496 /* gloApp */ = {
			isa = PBXNativeTarget;
			buildConfigurationList = 1855DA1422DF99FE000D1496 /* Build configuration list for PBXNativeTarget "gloApp" */;
			buildPhases = (
				1855D9FB22DF99FC000D1496 /* Sources */,
				1855D9FC22DF99FC000D1496 /* Frameworks */,
				1855D9FD22DF99FC000D1496 /* Resources */,
			);
			buildRules = (
			);
			dependencies = (
			);
			name = gloApp;
			productName = gloApp;
			productReference = 1855D9FF22DF99FC000D1496 /* gloApp.app */;
			productType = "com.apple.product-type.application";
		};
/* End PBXNativeTarget section */

/* Begin PBXProject section */
		1855D9F722DF99FC000D1496 /* Project object */ = {
			isa = PBXProject;
			attributes = {
				LastSwiftUpdateCheck = 1020;
				LastUpgradeCheck = 1020;
				ORGANIZATIONNAME = Apple;
				TargetAttributes = {
					1855D9FE22DF99FC000D1496 = {
						CreatedOnToolsVersion = 10.2.1;
					};
				};
			};
			buildConfigurationList = 1855D9FA22DF99FC000D1496 /* Build configuration list for PBXProject "gloApp" */;
			compatibilityVersion = "Xcode 9.3";
			developmentRegion = en;
			hasScannedForEncodings = 0;
			knownRegions = (
				en,
				Base,
			);
			mainGroup = 1855D9F622DF99FC000D1496;
			productRefGroup = 1855DA0022DF99FC000D1496 /* Products */;
			projectDirPath = "";
			projectRoot = "";
			targets = (
				1855D9FE22DF99FC000D1496 /* gloApp */,
			);
		};
/* End PBXProject section */

/* Begin PBXResourcesBuildPhase section */
		1855D9FD22DF99FC000D1496 /* Resources */ = {
			isa = PBXResourcesBuildPhase;
			buildActionMask = 2147483647;
			files = (
				1855DA1022DF99FE000D1496 /* LaunchScreen.storyboard in Resources */,
				1855DA0D22DF99FE000D1496 /* Assets.xcassets in Resources */,
				1855DA0822DF99FC000D1496 /* Main.storyboard in Resources */,
			);
			runOnlyForDeploymentPostprocessing = 0;
		};
/* End PBXResourcesBuildPhase section */

/* Begin PBXSourcesBuildPhase section */
		1855D9FB22DF99FC000D1496 /* Sources */ = {
			isa = PBXSourcesBuildPhase;
			buildActionMask = 2147483647;
			files = (
				1855DA0322DF99FC000D1496 /* AppDelegate.swift in Sources */,
				1855DA2222DFAC3F000D1496 /* PriceRange.swift in Sources */,
				1855DA2A22E0E66D000D1496 /* LearnMore.swift in Sources */,
				1855DA2022DFAA40000D1496 /* SkinType.swift in Sources */,
				18F2890F22E21791006E7049 /* Results.swift in Sources */,
				1855DA0B22DF99FC000D1496 /* gloApp.xcdatamodeld in Sources */,
				1855DA1E22DFA9D0000D1496 /* Routine.swift in Sources */,
				1855DA2422DFAC87000D1496 /* SkinConcern.swift in Sources */,
				18F2890D22E14512006E7049 /* ResultsData.swift in Sources */,
				1855DA1822DFA619000D1496 /* Checkbox.swift in Sources */,
			);
			runOnlyForDeploymentPostprocessing = 0;
		};
/* End PBXSourcesBuildPhase section */

/* Begin PBXVariantGroup section */
		1855DA0622DF99FC000D1496 /* Main.storyboard */ = {
			isa = PBXVariantGroup;
			children = (
				1855DA0722DF99FC000D1496 /* Base */,
			);
			name = Main.storyboard;
			sourceTree = "<group>";
		};
		1855DA0E22DF99FE000D1496 /* LaunchScreen.storyboard */ = {
			isa = PBXVariantGroup;
			children = (
				1855DA0F22DF99FE000D1496 /* Base */,
			);
			name = LaunchScreen.storyboard;
			sourceTree = "<group>";
		};
/* End PBXVariantGroup section */

/* Begin XCBuildConfiguration section */
		1855DA1222DF99FE000D1496 /* Debug */ = {
			isa = XCBuildConfiguration;
			buildSettings = {
				ALWAYS_SEARCH_USER_PATHS = NO;
				CLANG_ANALYZER_NONNULL = YES;
				CLANG_ANALYZER_NUMBER_OBJECT_CONVERSION = YES_AGGRESSIVE;
				CLANG_CXX_LANGUAGE_STANDARD = "gnu++14";
				CLANG_CXX_LIBRARY = "libc++";
				CLANG_ENABLE_MODULES = YES;
				CLANG_ENABLE_OBJC_ARC = YES;
				CLANG_ENABLE_OBJC_WEAK = YES;
				CLANG_WARN_BLOCK_CAPTURE_AUTORELEASING = YES;
				CLANG_WARN_BOOL_CONVERSION = YES;
				CLANG_WARN_COMMA = YES;
				CLANG_WARN_CONSTANT_CONVERSION = YES;
				CLANG_WARN_DEPRECATED_OBJC_IMPLEMENTATIONS = YES;
				CLANG_WARN_DIRECT_OBJC_ISA_USAGE = YES_ERROR;
				CLANG_WARN_DOCUMENTATION_COMMENTS = YES;
				CLANG_WARN_EMPTY_BODY = YES;
				CLANG_WARN_ENUM_CONVERSION = YES;
				CLANG_WARN_INFINITE_RECURSION = YES;
				CLANG_WARN_INT_CONVERSION = YES;
				CLANG_WARN_NON_LITERAL_NULL_CONVERSION = YES;
				CLANG_WARN_OBJC_IMPLICIT_RETAIN_SELF = YES;
				CLANG_WARN_OBJC_LITERAL_CONVERSION = YES;
				CLANG_WARN_OBJC_ROOT_CLASS = YES_ERROR;
				CLANG_WARN_RANGE_LOOP_ANALYSIS = YES;
				CLANG_WARN_STRICT_PROTOTYPES = YES;
				CLANG_WARN_SUSPICIOUS_MOVE = YES;
				CLANG_WARN_UNGUARDED_AVAILABILITY = YES_AGGRESSIVE;
				CLANG_WARN_UNREACHABLE_CODE = YES;
				CLANG_WARN__DUPLICATE_METHOD_MATCH = YES;
				CODE_SIGN_IDENTITY = "iPhone Developer";
				COPY_PHASE_STRIP = NO;
				DEBUG_INFORMATION_FORMAT = dwarf;
				ENABLE_STRICT_OBJC_MSGSEND = YES;
				ENABLE_TESTABILITY = YES;
				GCC_C_LANGUAGE_STANDARD = gnu11;
				GCC_DYNAMIC_NO_PIC = NO;
				GCC_NO_COMMON_BLOCKS = YES;
				GCC_OPTIMIZATION_LEVEL = 0;
				GCC_PREPROCESSOR_DEFINITIONS = (
					"DEBUG=1",
					"$(inherited)",
				);
				GCC_WARN_64_TO_32_BIT_CONVERSION = YES;
				GCC_WARN_ABOUT_RETURN_TYPE = YES_ERROR;
				GCC_WARN_UNDECLARED_SELECTOR = YES;
				GCC_WARN_UNINITIALIZED_AUTOS = YES_AGGRESSIVE;
				GCC_WARN_UNUSED_FUNCTION = YES;
				GCC_WARN_UNUSED_VARIABLE = YES;
				IPHONEOS_DEPLOYMENT_TARGET = 12.2;
				MTL_ENABLE_DEBUG_INFO = INCLUDE_SOURCE;
				MTL_FAST_MATH = YES;
				ONLY_ACTIVE_ARCH = YES;
				SDKROOT = iphoneos;
				SWIFT_ACTIVE_COMPILATION_CONDITIONS = DEBUG;
				SWIFT_OPTIMIZATION_LEVEL = "-Onone";
			};
			name = Debug;
		};
		1855DA1322DF99FE000D1496 /* Release */ = {
			isa = XCBuildConfiguration;
			buildSettings = {
				ALWAYS_SEARCH_USER_PATHS = NO;
				CLANG_ANALYZER_NONNULL = YES;
				CLANG_ANALYZER_NUMBER_OBJECT_CONVERSION = YES_AGGRESSIVE;
				CLANG_CXX_LANGUAGE_STANDARD = "gnu++14";
				CLANG_CXX_LIBRARY = "libc++";
				CLANG_ENABLE_MODULES = YES;
				CLANG_ENABLE_OBJC_ARC = YES;
				CLANG_ENABLE_OBJC_WEAK = YES;
				CLANG_WARN_BLOCK_CAPTURE_AUTORELEASING = YES;
				CLANG_WARN_BOOL_CONVERSION = YES;
				CLANG_WARN_COMMA = YES;
				CLANG_WARN_CONSTANT_CONVERSION = YES;
				CLANG_WARN_DEPRECATED_OBJC_IMPLEMENTATIONS = YES;
				CLANG_WARN_DIRECT_OBJC_ISA_USAGE = YES_ERROR;
				CLANG_WARN_DOCUMENTATION_COMMENTS = YES;
				CLANG_WARN_EMPTY_BODY = YES;
				CLANG_WARN_ENUM_CONVERSION = YES;
				CLANG_WARN_INFINITE_RECURSION = YES;
				CLANG_WARN_INT_CONVERSION = YES;
				CLANG_WARN_NON_LITERAL_NULL_CONVERSION = YES;
				CLANG_WARN_OBJC_IMPLICIT_RETAIN_SELF = YES;
				CLANG_WARN_OBJC_LITERAL_CONVERSION = YES;
				CLANG_WARN_OBJC_ROOT_CLASS = YES_ERROR;
				CLANG_WARN_RANGE_LOOP_ANALYSIS = YES;
				CLANG_WARN_STRICT_PROTOTYPES = YES;
				CLANG_WARN_SUSPICIOUS_MOVE = YES;
				CLANG_WARN_UNGUARDED_AVAILABILITY = YES_AGGRESSIVE;
				CLANG_WARN_UNREACHABLE_CODE = YES;
				CLANG_WARN__DUPLICATE_METHOD_MATCH = YES;
				CODE_SIGN_IDENTITY = "iPhone Developer";
				COPY_PHASE_STRIP = NO;
				DEBUG_INFORMATION_FORMAT = "dwarf-with-dsym";
				ENABLE_NS_ASSERTIONS = NO;
				ENABLE_STRICT_OBJC_MSGSEND = YES;
				GCC_C_LANGUAGE_STANDARD = gnu11;
				GCC_NO_COMMON_BLOCKS = YES;
				GCC_WARN_64_TO_32_BIT_CONVERSION = YES;
				GCC_WARN_ABOUT_RETURN_TYPE = YES_ERROR;
				GCC_WARN_UNDECLARED_SELECTOR = YES;
				GCC_WARN_UNINITIALIZED_AUTOS = YES_AGGRESSIVE;
				GCC_WARN_UNUSED_FUNCTION = YES;
				GCC_WARN_UNUSED_VARIABLE = YES;
				IPHONEOS_DEPLOYMENT_TARGET = 12.2;
				MTL_ENABLE_DEBUG_INFO = NO;
				MTL_FAST_MATH = YES;
				SDKROOT = iphoneos;
				SWIFT_COMPILATION_MODE = wholemodule;
				SWIFT_OPTIMIZATION_LEVEL = "-O";
				VALIDATE_PRODUCT = YES;
			};
			name = Release;
		};
		1855DA1522DF99FE000D1496 /* Debug */ = {
			isa = XCBuildConfiguration;
			buildSettings = {
				ASSETCATALOG_COMPILER_APPICON_NAME = AppIcon;
				CODE_SIGN_STYLE = Automatic;
				DEVELOPMENT_TEAM = QRCVGZQMNS;
				INFOPLIST_FILE = gloApp/Info.plist;
				LD_RUNPATH_SEARCH_PATHS = (
					"$(inherited)",
					"@executable_path/Frameworks",
				);
				PRODUCT_BUNDLE_IDENTIFIER = "j.s-k.g.gloApp";
				PRODUCT_NAME = "$(TARGET_NAME)";
				SWIFT_VERSION = 5.0;
				TARGETED_DEVICE_FAMILY = "1,2";
			};
			name = Debug;
		};
		1855DA1622DF99FE000D1496 /* Release */ = {
			isa = XCBuildConfiguration;
			buildSettings = {
				ASSETCATALOG_COMPILER_APPICON_NAME = AppIcon;
				CODE_SIGN_STYLE = Automatic;
				DEVELOPMENT_TEAM = QRCVGZQMNS;
				INFOPLIST_FILE = gloApp/Info.plist;
				LD_RUNPATH_SEARCH_PATHS = (
					"$(inherited)",
					"@executable_path/Frameworks",
				);
				PRODUCT_BUNDLE_IDENTIFIER = "j.s-k.g.gloApp";
				PRODUCT_NAME = "$(TARGET_NAME)";
				SWIFT_VERSION = 5.0;
				TARGETED_DEVICE_FAMILY = "1,2";
			};
			name = Release;
		};
/* End XCBuildConfiguration section */

/* Begin XCConfigurationList section */
		1855D9FA22DF99FC000D1496 /* Build configuration list for PBXProject "gloApp" */ = {
			isa = XCConfigurationList;
			buildConfigurations = (
				1855DA1222DF99FE000D1496 /* Debug */,
				1855DA1322DF99FE000D1496 /* Release */,
			);
			defaultConfigurationIsVisible = 0;
			defaultConfigurationName = Release;
		};
		1855DA1422DF99FE000D1496 /* Build configuration list for PBXNativeTarget "gloApp" */ = {
			isa = XCConfigurationList;
			buildConfigurations = (
				1855DA1522DF99FE000D1496 /* Debug */,
				1855DA1622DF99FE000D1496 /* Release */,
			);
			defaultConfigurationIsVisible = 0;
			defaultConfigurationName = Release;
		};
/* End XCConfigurationList section */

/* Begin XCVersionGroup section */
		1855DA0922DF99FC000D1496 /* gloApp.xcdatamodeld */ = {
			isa = XCVersionGroup;
			children = (
				1855DA0A22DF99FC000D1496 /* gloApp.xcdatamodel */,
			);
			currentVersion = 1855DA0A22DF99FC000D1496 /* gloApp.xcdatamodel */;
			path = gloApp.xcdatamodeld;
			sourceTree = "<group>";
			versionGroupType = wrapper.xcdatamodel;
		};
/* End XCVersionGroup section */
	};
	rootObject = 1855D9F722DF99FC000D1496 /* Project object */;
}
